<?xml version="1.0" encoding="utf-8"?>
<Project ToolsVersion="Current" xmlns="http://schemas.microsoft.com/developer/msbuild/2003">
  <ItemGroup>
    <ClCompile Include="reactor\channel.c">
      <Filter>reactor\channel</Filter>
    </ClCompile>
    <ClCompile Include="reactor\channel_map.c">
      <Filter>reactor\channel</Filter>
    </ClCompile>
    <ClCompile Include="reactor\epoll_dispatcher.c">
      <Filter>reactor\dispatcher</Filter>
    </ClCompile>
    <ClCompile Include="reactor\poll_dispatcher.c">
      <Filter>reactor\dispatcher</Filter>
    </ClCompile>
    <ClCompile Include="reactor\select_dispatcher.c">
      <Filter>reactor\dispatcher</Filter>
    </ClCompile>
    <ClCompile Include="reactor\eventloop.c">
      <Filter>reactor\eventloop</Filter>
    </ClCompile>
    <ClCompile Include="thread\thread_pool.c">
      <Filter>thread</Filter>
    </ClCompile>
    <ClCompile Include="thread\workthread.c">
      <Filter>thread</Filter>
    </ClCompile>
    <ClCompile Include="buffer\buffer.c">
      <Filter>buffer</Filter>
    </ClCompile>
    <ClCompile Include="tcp_server\tcp_server.c">
      <Filter>tcp_server</Filter>
    </ClCompile>
    <ClCompile Include="main.c">
      <Filter>example</Filter>
    </ClCompile>
    <ClCompile Include="server.c">
      <Filter>example</Filter>
    </ClCompile>
    <ClCompile Include="tcp_server\tcp_connection.c">
      <Filter>tcp_server</Filter>
    </ClCompile>
    <ClCompile Include="tcp_server\http_request.c">
      <Filter>tcp_server</Filter>
    </ClCompile>
    <ClCompile Include="tcp_server\http_response.c">
      <Filter>tcp_server</Filter>
    </ClCompile>
  </ItemGroup>
  <ItemGroup>
    <ClInclude Include="reactor\channel.h">
      <Filter>reactor\channel</Filter>
    </ClInclude>
    <ClInclude Include="reactor\channel_map.h">
      <Filter>reactor\channel</Filter>
    </ClInclude>
    <ClInclude Include="reactor\dispatcher.h">
      <Filter>reactor\dispatcher</Filter>
    </ClInclude>
    <ClInclude Include="reactor\eventloop.h">
      <Filter>reactor\eventloop</Filter>
    </ClInclude>
    <ClInclude Include="thread\thread_pool.h">
      <Filter>thread</Filter>
    </ClInclude>
    <ClInclude Include="thread\workthread.h">
      <Filter>thread</Filter>
    </ClInclude>
    <ClInclude Include="buffer\buffer.h">
      <Filter>buffer</Filter>
    </ClInclude>
    <ClInclude Include="tcp_server\tcp_server.h">
      <Filter>tcp_server</Filter>
    </ClInclude>
    <ClInclude Include="server.h">
      <Filter>example</Filter>
    </ClInclude>
    <ClInclude Include="tcp_server\tcp_connection.h">
      <Filter>tcp_server</Filter>
    </ClInclude>
    <ClInclude Include="tcp_server\http_request.h">
      <Filter>tcp_server</Filter>
    </ClInclude>
    <ClInclude Include="tcp_server\http_response.h">
      <Filter>tcp_server</Filter>
    </ClInclude>
  </ItemGroup>
  <ItemGroup>
    <Filter Include="reactor">
      <UniqueIdentifier>{6e5d5d3c-7201-4980-8d30-ee1f98358b69}</UniqueIdentifier>
    </Filter>
    <Filter Include="reactor\channel">
      <UniqueIdentifier>{146c5fae-f77b-4feb-9e7c-f7344a1a6b21}</UniqueIdentifier>
    </Filter>
    <Filter Include="reactor\dispatcher">
      <UniqueIdentifier>{43060689-7ddd-466d-8046-e76fafa8e57c}</UniqueIdentifier>
    </Filter>
    <Filter Include="reactor\eventloop">
      <UniqueIdentifier>{9c2671bd-decc-46f6-875a-10d1c7b4e78f}</UniqueIdentifier>
    </Filter>
    <Filter Include="thread">
      <UniqueIdentifier>{cfdcf69e-677f-427c-bf1c-b015ed3a8899}</UniqueIdentifier>
    </Filter>
    <Filter Include="buffer">
      <UniqueIdentifier>{35474f20-0003-495e-9ed8-67b94e30b83d}</UniqueIdentifier>
    </Filter>
    <Filter Include="example">
      <UniqueIdentifier>{625eed1c-791f-462f-9394-79ca63cdd6a7}</UniqueIdentifier>
    </Filter>
    <Filter Include="tcp_server">
      <UniqueIdentifier>{ba70a277-3fae-4d81-9437-cfca39cc36b7}</UniqueIdentifier>
    </Filter>
  </ItemGroup>
</Project>